
Microsoft Visual Studio Solution File, Format Version 12.00
# Visual Studio Version 17
VisualStudioVersion = 17.2.32526.322
MinimumVisualStudioVersion = 10.0.40219.1
Project("{9A19103F-16F7-4668-BE54-9A1E7A4F7556}") = "Server", "Server\Server.csproj", "{16255E80-0621-4602-A687-CFC6ACC57727}"
EndProject
Project("{9A19103F-16F7-4668-BE54-9A1E7A4F7556}") = "Contracts", "Contracts\Contracts.csproj", "{98F64C39-035B-4A54-B03D-0BDDB186DA91}"
EndProject
Project("{9A19103F-16F7-4668-BE54-9A1E7A4F7556}") = "LoggerService", "LoggerService\LoggerService.csproj", "{680DF0A8-7FD2-40C5-9951-9BFE89AE548A}"
EndProject
Project("{9A19103F-16F7-4668-BE54-9A1E7A4F7556}") = "Entities", "Entities\Entities.csproj", "{A7BE042D-331E-44F2-A040-3921337F9156}"
EndProject
Project("{9A19103F-16F7-4668-BE54-9A1E7A4F7556}") = "Repository", "Repository\Repository.csproj", "{E2CBA480-342E-4F00-8A0F-E9D94CA3D13F}"
EndProject
Project("{FAE04EC0-301F-11D3-BF4B-00C04F79EFBC}") = "ProductService", "ProductService\ProductService.csproj", "{F260C75B-BAE5-4086-ACA6-D0BD40F178BD}"
EndProject
Global
	GlobalSection(SolutionConfigurationPlatforms) = preSolution
		Debug|Any CPU = Debug|Any CPU
		Release|Any CPU = Release|Any CPU
	EndGlobalSection
	GlobalSection(ProjectConfigurationPlatforms) = postSolution
		{16255E80-0621-4602-A687-CFC6ACC57727}.Debug|Any CPU.ActiveCfg = Debug|Any CPU
		{16255E80-0621-4602-A687-CFC6ACC57727}.Debug|Any CPU.Build.0 = Debug|Any CPU
		{16255E80-0621-4602-A687-CFC6ACC57727}.Release|Any CPU.ActiveCfg = Release|Any CPU
		{16255E80-0621-4602-A687-CFC6ACC57727}.Release|Any CPU.Build.0 = Release|Any CPU
		{98F64C39-035B-4A54-B03D-0BDDB186DA91}.Debug|Any CPU.ActiveCfg = Debug|Any CPU
		{98F64C39-035B-4A54-B03D-0BDDB186DA91}.Debug|Any CPU.Build.0 = Debug|Any CPU
		{98F64C39-035B-4A54-B03D-0BDDB186DA91}.Release|Any CPU.ActiveCfg = Release|Any CPU
		{98F64C39-035B-4A54-B03D-0BDDB186DA91}.Release|Any CPU.Build.0 = Release|Any CPU
		{680DF0A8-7FD2-40C5-9951-9BFE89AE548A}.Debug|Any CPU.ActiveCfg = Debug|Any CPU
		{680DF0A8-7FD2-40C5-9951-9BFE89AE548A}.Debug|Any CPU.Build.0 = Debug|Any CPU
		{680DF0A8-7FD2-40C5-9951-9BFE89AE548A}.Release|Any CPU.ActiveCfg = Release|Any CPU
		{680DF0A8-7FD2-40C5-9951-9BFE89AE548A}.Release|Any CPU.Build.0 = Release|Any CPU
		{A7BE042D-331E-44F2-A040-3921337F9156}.Debug|Any CPU.ActiveCfg = Debug|Any CPU
		{A7BE042D-331E-44F2-A040-3921337F9156}.Debug|Any CPU.Build.0 = Debug|Any CPU
		{A7BE042D-331E-44F2-A040-3921337F9156}.Release|Any CPU.ActiveCfg = Release|Any CPU
		{A7BE042D-331E-44F2-A040-3921337F9156}.Release|Any CPU.Build.0 = Release|Any CPU
		{E2CBA480-342E-4F00-8A0F-E9D94CA3D13F}.Debug|Any CPU.ActiveCfg = Debug|Any CPU
		{E2CBA480-342E-4F00-8A0F-E9D94CA3D13F}.Debug|Any CPU.Build.0 = Debug|Any CPU
		{E2CBA480-342E-4F00-8A0F-E9D94CA3D13F}.Release|Any CPU.ActiveCfg = Release|Any CPU
		{E2CBA480-342E-4F00-8A0F-E9D94CA3D13F}.Release|Any CPU.Build.0 = Release|Any CPU
		{F260C75B-BAE5-4086-ACA6-D0BD40F178BD}.Debug|Any CPU.ActiveCfg = Debug|Any CPU
		{F260C75B-BAE5-4086-ACA6-D0BD40F178BD}.Debug|Any CPU.Build.0 = Debug|Any CPU
		{F260C75B-BAE5-4086-ACA6-D0BD40F178BD}.Release|Any CPU.ActiveCfg = Release|Any CPU
		{F260C75B-BAE5-4086-ACA6-D0BD40F178BD}.Release|Any CPU.Build.0 = Release|Any CPU
	EndGlobalSection
	GlobalSection(SolutionProperties) = preSolution
		HideSolutionNode = FALSE
	EndGlobalSection
	GlobalSection(ExtensibilityGlobals) = postSolution
		SolutionGuid = {4C321DDF-AB6E-4BAF-AB5B-290E5403FA93}
	EndGlobalSection
EndGlobal
